
Microsoft Visual Studio Solution File, Format Version 12.00
# Visual Studio Version 16
VisualStudioVersion = 16.0.30114.105
MinimumVisualStudioVersion = 10.0.40219.1
Project("{9A19103F-16F7-4668-BE54-9A1E7A4F7556}") = "Block1_1", "Block1\Block1_1.csproj", "{466B0761-0AAD-4350-84FF-94653B45A388}"
EndProject
Project("{9A19103F-16F7-4668-BE54-9A1E7A4F7556}") = "Block1_2", "Block1_2\Block1_2.csproj", "{CEF7D48A-5614-4F1B-A664-894DC5387A0C}"
EndProject
Project("{2150E333-8FDC-42A3-9474-1A3956D46DE8}") = "Block_1", "Block_1", "{B1265765-2592-494B-B00C-4BC084F40F38}"
EndProject
Project("{2150E333-8FDC-42A3-9474-1A3956D46DE8}") = "Block_2", "Block_2", "{FF082336-9C4F-43A1-B347-A87D37C8B067}"
EndProject
Project("{9A19103F-16F7-4668-BE54-9A1E7A4F7556}") = "Block_2_1", "..\Block_2\Block_2_1\Block_2_1.csproj", "{A0AE78F0-F4D0-42E5-9AFD-98479C662F1A}"
EndProject
Project("{2150E333-8FDC-42A3-9474-1A3956D46DE8}") = "Block_3", "Block_3", "{F662ACCD-3E58-46F2-ADC6-4D2B2471FF13}"
EndProject
Project("{9A19103F-16F7-4668-BE54-9A1E7A4F7556}") = "Block_3_1", "..\Block_3\Block_3_1\Block_3_1.csproj", "{CF9AF72E-BC23-4375-8AD3-7A2E73F1CCCB}"
EndProject
Project("{9A19103F-16F7-4668-BE54-9A1E7A4F7556}") = "Block_3_2", "..\Block_3\Block_3_2\Block_3_2.csproj", "{EBBF1620-D71F-49FF-83A6-57955844DCC9}"
EndProject
Project("{9A19103F-16F7-4668-BE54-9A1E7A4F7556}") = "Block_2_2", "..\Block_2\Block_2_2\Block_2_2.csproj", "{D82E44A0-5350-4437-81FA-BE8828119025}"
EndProject
Project("{9A19103F-16F7-4668-BE54-9A1E7A4F7556}") = "Block_3_3", "..\Block_3\Block_3_3\Block_3_3.csproj", "{AC544B45-80B1-4850-8E72-ABD00295ECE1}"
EndProject
Project("{2150E333-8FDC-42A3-9474-1A3956D46DE8}") = "Block_4", "Block_4", "{3CE1A083-2D16-4554-8F91-1E3E44121E85}"
EndProject
Project("{9A19103F-16F7-4668-BE54-9A1E7A4F7556}") = "Block_4_2", "..\Block_4\Block_4_2\Block_4_2.csproj", "{4369D0E8-CB3B-40C6-802C-DFE6E88142C5}"
EndProject
Project("{FAE04EC0-301F-11D3-BF4B-00C04F79EFBC}") = "Block_4_1", "..\Block_4\Block_4_1\Block_4_1.csproj", "{D862C40A-EC62-4205-90A2-8CE9AFE4B7E9}"
EndProject
Project("{FAE04EC0-301F-11D3-BF4B-00C04F79EFBC}") = "Block_4_3", "..\Block_4\Block_4_3\Block_4_3.csproj", "{B18F49CB-24CC-4A28-BF96-8367F6332224}"
EndProject
Project("{2150E333-8FDC-42A3-9474-1A3956D46DE8}") = "Block_5", "Block_5", "{026143EE-7B56-4402-90E7-BF1543A7BD69}"
EndProject
Project("{FAE04EC0-301F-11D3-BF4B-00C04F79EFBC}") = "Block_5_1", "..\Block_5\Block_5_1\Block_5_1.csproj", "{70B656E7-E203-469D-8163-BE7DC318ADCE}"
EndProject
Project("{FAE04EC0-301F-11D3-BF4B-00C04F79EFBC}") = "Block_5_2", "..\Block_5\Block_5_2\Block_5_2.csproj", "{D7C143A3-8094-4612-866A-0EDDDB518FCA}"
EndProject
Global
	GlobalSection(SolutionConfigurationPlatforms) = preSolution
		Debug|Any CPU = Debug|Any CPU
		Release|Any CPU = Release|Any CPU
	EndGlobalSection
	GlobalSection(ProjectConfigurationPlatforms) = postSolution
		{466B0761-0AAD-4350-84FF-94653B45A388}.Debug|Any CPU.ActiveCfg = Debug|Any CPU
		{466B0761-0AAD-4350-84FF-94653B45A388}.Debug|Any CPU.Build.0 = Debug|Any CPU
		{466B0761-0AAD-4350-84FF-94653B45A388}.Release|Any CPU.ActiveCfg = Release|Any CPU
		{466B0761-0AAD-4350-84FF-94653B45A388}.Release|Any CPU.Build.0 = Release|Any CPU
		{CEF7D48A-5614-4F1B-A664-894DC5387A0C}.Debug|Any CPU.ActiveCfg = Debug|Any CPU
		{CEF7D48A-5614-4F1B-A664-894DC5387A0C}.Debug|Any CPU.Build.0 = Debug|Any CPU
		{CEF7D48A-5614-4F1B-A664-894DC5387A0C}.Release|Any CPU.ActiveCfg = Release|Any CPU
		{CEF7D48A-5614-4F1B-A664-894DC5387A0C}.Release|Any CPU.Build.0 = Release|Any CPU
		{A0AE78F0-F4D0-42E5-9AFD-98479C662F1A}.Debug|Any CPU.ActiveCfg = Debug|Any CPU
		{A0AE78F0-F4D0-42E5-9AFD-98479C662F1A}.Debug|Any CPU.Build.0 = Debug|Any CPU
		{A0AE78F0-F4D0-42E5-9AFD-98479C662F1A}.Release|Any CPU.ActiveCfg = Release|Any CPU
		{A0AE78F0-F4D0-42E5-9AFD-98479C662F1A}.Release|Any CPU.Build.0 = Release|Any CPU
		{CF9AF72E-BC23-4375-8AD3-7A2E73F1CCCB}.Debug|Any CPU.ActiveCfg = Debug|Any CPU
		{CF9AF72E-BC23-4375-8AD3-7A2E73F1CCCB}.Debug|Any CPU.Build.0 = Debug|Any CPU
		{CF9AF72E-BC23-4375-8AD3-7A2E73F1CCCB}.Release|Any CPU.ActiveCfg = Release|Any CPU
		{CF9AF72E-BC23-4375-8AD3-7A2E73F1CCCB}.Release|Any CPU.Build.0 = Release|Any CPU
		{EBBF1620-D71F-49FF-83A6-57955844DCC9}.Debug|Any CPU.ActiveCfg = Debug|Any CPU
		{EBBF1620-D71F-49FF-83A6-57955844DCC9}.Debug|Any CPU.Build.0 = Debug|Any CPU
		{EBBF1620-D71F-49FF-83A6-57955844DCC9}.Release|Any CPU.ActiveCfg = Release|Any CPU
		{EBBF1620-D71F-49FF-83A6-57955844DCC9}.Release|Any CPU.Build.0 = Release|Any CPU
		{D82E44A0-5350-4437-81FA-BE8828119025}.Debug|Any CPU.ActiveCfg = Debug|Any CPU
		{D82E44A0-5350-4437-81FA-BE8828119025}.Debug|Any CPU.Build.0 = Debug|Any CPU
		{D82E44A0-5350-4437-81FA-BE8828119025}.Release|Any CPU.ActiveCfg = Release|Any CPU
		{D82E44A0-5350-4437-81FA-BE8828119025}.Release|Any CPU.Build.0 = Release|Any CPU
		{AC544B45-80B1-4850-8E72-ABD00295ECE1}.Debug|Any CPU.ActiveCfg = Debug|Any CPU
		{AC544B45-80B1-4850-8E72-ABD00295ECE1}.Debug|Any CPU.Build.0 = Debug|Any CPU
		{AC544B45-80B1-4850-8E72-ABD00295ECE1}.Release|Any CPU.ActiveCfg = Release|Any CPU
		{AC544B45-80B1-4850-8E72-ABD00295ECE1}.Release|Any CPU.Build.0 = Release|Any CPU
		{4369D0E8-CB3B-40C6-802C-DFE6E88142C5}.Debug|Any CPU.ActiveCfg = Debug|Any CPU
		{4369D0E8-CB3B-40C6-802C-DFE6E88142C5}.Debug|Any CPU.Build.0 = Debug|Any CPU
		{4369D0E8-CB3B-40C6-802C-DFE6E88142C5}.Release|Any CPU.ActiveCfg = Release|Any CPU
		{4369D0E8-CB3B-40C6-802C-DFE6E88142C5}.Release|Any CPU.Build.0 = Release|Any CPU
		{D862C40A-EC62-4205-90A2-8CE9AFE4B7E9}.Debug|Any CPU.ActiveCfg = Debug|Any CPU
		{D862C40A-EC62-4205-90A2-8CE9AFE4B7E9}.Debug|Any CPU.Build.0 = Debug|Any CPU
		{D862C40A-EC62-4205-90A2-8CE9AFE4B7E9}.Release|Any CPU.ActiveCfg = Release|Any CPU
		{D862C40A-EC62-4205-90A2-8CE9AFE4B7E9}.Release|Any CPU.Build.0 = Release|Any CPU
		{B18F49CB-24CC-4A28-BF96-8367F6332224}.Debug|Any CPU.ActiveCfg = Debug|Any CPU
		{B18F49CB-24CC-4A28-BF96-8367F6332224}.Debug|Any CPU.Build.0 = Debug|Any CPU
		{B18F49CB-24CC-4A28-BF96-8367F6332224}.Release|Any CPU.ActiveCfg = Release|Any CPU
		{B18F49CB-24CC-4A28-BF96-8367F6332224}.Release|Any CPU.Build.0 = Release|Any CPU
		{70B656E7-E203-469D-8163-BE7DC318ADCE}.Debug|Any CPU.ActiveCfg = Debug|Any CPU
		{70B656E7-E203-469D-8163-BE7DC318ADCE}.Debug|Any CPU.Build.0 = Debug|Any CPU
		{70B656E7-E203-469D-8163-BE7DC318ADCE}.Release|Any CPU.ActiveCfg = Release|Any CPU
		{70B656E7-E203-469D-8163-BE7DC318ADCE}.Release|Any CPU.Build.0 = Release|Any CPU
		{D7C143A3-8094-4612-866A-0EDDDB518FCA}.Debug|Any CPU.ActiveCfg = Debug|Any CPU
		{D7C143A3-8094-4612-866A-0EDDDB518FCA}.Debug|Any CPU.Build.0 = Debug|Any CPU
		{D7C143A3-8094-4612-866A-0EDDDB518FCA}.Release|Any CPU.ActiveCfg = Release|Any CPU
		{D7C143A3-8094-4612-866A-0EDDDB518FCA}.Release|Any CPU.Build.0 = Release|Any CPU
	EndGlobalSection
	GlobalSection(SolutionProperties) = preSolution
		HideSolutionNode = FALSE
	EndGlobalSection
	GlobalSection(NestedProjects) = preSolution
		{466B0761-0AAD-4350-84FF-94653B45A388} = {B1265765-2592-494B-B00C-4BC084F40F38}
		{CEF7D48A-5614-4F1B-A664-894DC5387A0C} = {B1265765-2592-494B-B00C-4BC084F40F38}
		{A0AE78F0-F4D0-42E5-9AFD-98479C662F1A} = {FF082336-9C4F-43A1-B347-A87D37C8B067}
		{CF9AF72E-BC23-4375-8AD3-7A2E73F1CCCB} = {F662ACCD-3E58-46F2-ADC6-4D2B2471FF13}
		{EBBF1620-D71F-49FF-83A6-57955844DCC9} = {F662ACCD-3E58-46F2-ADC6-4D2B2471FF13}
		{D82E44A0-5350-4437-81FA-BE8828119025} = {FF082336-9C4F-43A1-B347-A87D37C8B067}
		{AC544B45-80B1-4850-8E72-ABD00295ECE1} = {F662ACCD-3E58-46F2-ADC6-4D2B2471FF13}
		{4369D0E8-CB3B-40C6-802C-DFE6E88142C5} = {3CE1A083-2D16-4554-8F91-1E3E44121E85}
		{D862C40A-EC62-4205-90A2-8CE9AFE4B7E9} = {3CE1A083-2D16-4554-8F91-1E3E44121E85}
		{B18F49CB-24CC-4A28-BF96-8367F6332224} = {3CE1A083-2D16-4554-8F91-1E3E44121E85}
		{70B656E7-E203-469D-8163-BE7DC318ADCE} = {026143EE-7B56-4402-90E7-BF1543A7BD69}
		{D7C143A3-8094-4612-866A-0EDDDB518FCA} = {026143EE-7B56-4402-90E7-BF1543A7BD69}
	EndGlobalSection
	GlobalSection(ExtensibilityGlobals) = postSolution
		SolutionGuid = {798553C1-FEFE-48A3-86C3-006C49450454}
	EndGlobalSection
EndGlobal
